
Microsoft Visual Studio Solution File, Format Version 12.00
Project("{FAE04EC0-301F-11D3-BF4B-00C04F79EFBC}") = "aoc-cs", "aoc-cs\aoc-cs.csproj", "{B7C1DDF1-C35C-4EE2-85B1-0EEDC94AA589}"
EndProject
Global
	GlobalSection(SolutionConfigurationPlatforms) = preSolution
		Debug|Any CPU = Debug|Any CPU
		Release|Any CPU = Release|Any CPU
	EndGlobalSection
	GlobalSection(ProjectConfigurationPlatforms) = postSolution
		{B7C1DDF1-C35C-4EE2-85B1-0EEDC94AA589}.Debug|Any CPU.ActiveCfg = Debug|Any CPU
		{B7C1DDF1-C35C-4EE2-85B1-0EEDC94AA589}.Debug|Any CPU.Build.0 = Debug|Any CPU
		{B7C1DDF1-C35C-4EE2-85B1-0EEDC94AA589}.Release|Any CPU.ActiveCfg = Release|Any CPU
		{B7C1DDF1-C35C-4EE2-85B1-0EEDC94AA589}.Release|Any CPU.Build.0 = Release|Any CPU
	EndGlobalSection
EndGlobal
